// !$*UTF8*$!
{
	archiveVersion = 1;
	classes = {
	};
	objectVersion = 55;
	objects = {

/* Begin PBXBuildFile section */
		0C1B58D771D5E7497106316A /* Pods_Fratpack_FratpackUITests.framework in Frameworks */ = {isa = PBXBuildFile; fileRef = 3AD4E7E7B068008A8ACE2FC0 /* Pods_Fratpack_FratpackUITests.framework */; };
		15BBE27F2828BA520073D201 /* FratpackApp.swift in Sources */ = {isa = PBXBuildFile; fileRef = 15BBE27E2828BA520073D201 /* FratpackApp.swift */; };
		15BBE2812828BA520073D201 /* ContentView.swift in Sources */ = {isa = PBXBuildFile; fileRef = 15BBE2802828BA520073D201 /* ContentView.swift */; };
		15BBE2832828BA540073D201 /* Assets.xcassets in Resources */ = {isa = PBXBuildFile; fileRef = 15BBE2822828BA540073D201 /* Assets.xcassets */; };
		15BBE2862828BA540073D201 /* Preview Assets.xcassets in Resources */ = {isa = PBXBuildFile; fileRef = 15BBE2852828BA540073D201 /* Preview Assets.xcassets */; };
		15BBE2902828BA550073D201 /* FratpackTests.swift in Sources */ = {isa = PBXBuildFile; fileRef = 15BBE28F2828BA550073D201 /* FratpackTests.swift */; };
		15BBE29A2828BA550073D201 /* FratpackUITests.swift in Sources */ = {isa = PBXBuildFile; fileRef = 15BBE2992828BA550073D201 /* FratpackUITests.swift */; };
		15BBE29C2828BA550073D201 /* FratpackUITestsLaunchTests.swift in Sources */ = {isa = PBXBuildFile; fileRef = 15BBE29B2828BA550073D201 /* FratpackUITestsLaunchTests.swift */; };
		15E2314B2828BE4600ECA58D /* Launch Screen.storyboard in Resources */ = {isa = PBXBuildFile; fileRef = 15E2314A2828BE4600ECA58D /* Launch Screen.storyboard */; };
		15E2314D2828C5F600ECA58D /* LoginView.swift in Sources */ = {isa = PBXBuildFile; fileRef = 15E2314C2828C5F600ECA58D /* LoginView.swift */; };
		15E2314F2828C60200ECA58D /* CreateAccountView.swift in Sources */ = {isa = PBXBuildFile; fileRef = 15E2314E2828C60200ECA58D /* CreateAccountView.swift */; };
		6E62CB78ABF1FDB387B6C02F /* Pods_Fratpack.framework in Frameworks */ = {isa = PBXBuildFile; fileRef = EDDD7FA15A689C57EA666BBC /* Pods_Fratpack.framework */; };
		CA387BD81D409B93E2DE8CCB /* Pods_FratpackTests.framework in Frameworks */ = {isa = PBXBuildFile; fileRef = ACD7E3C90B9FDD29FD2063BF /* Pods_FratpackTests.framework */; };
/* End PBXBuildFile section */

/* Begin PBXContainerItemProxy section */
		15BBE28C2828BA550073D201 /* PBXContainerItemProxy */ = {
			isa = PBXContainerItemProxy;
			containerPortal = 15BBE2732828BA520073D201 /* Project object */;
			proxyType = 1;
			remoteGlobalIDString = 15BBE27A2828BA520073D201;
			remoteInfo = Fratpack;
		};
		15BBE2962828BA550073D201 /* PBXContainerItemProxy */ = {
			isa = PBXContainerItemProxy;
			containerPortal = 15BBE2732828BA520073D201 /* Project object */;
			proxyType = 1;
			remoteGlobalIDString = 15BBE27A2828BA520073D201;
			remoteInfo = Fratpack;
		};
/* End PBXContainerItemProxy section */

/* Begin PBXFileReference section */
		064FE4098A569F70EDC91433 /* Pods-Fratpack-FratpackUITests.debug.xcconfig */ = {isa = PBXFileReference; includeInIndex = 1; lastKnownFileType = text.xcconfig; name = "Pods-Fratpack-FratpackUITests.debug.xcconfig"; path = "Target Support Files/Pods-Fratpack-FratpackUITests/Pods-Fratpack-FratpackUITests.debug.xcconfig"; sourceTree = "<group>"; };
		15BBE27B2828BA520073D201 /* Fratpack.app */ = {isa = PBXFileReference; explicitFileType = wrapper.application; includeInIndex = 0; path = Fratpack.app; sourceTree = BUILT_PRODUCTS_DIR; };
		15BBE27E2828BA520073D201 /* FratpackApp.swift */ = {isa = PBXFileReference; lastKnownFileType = sourcecode.swift; path = FratpackApp.swift; sourceTree = "<group>"; };
		15BBE2802828BA520073D201 /* ContentView.swift */ = {isa = PBXFileReference; lastKnownFileType = sourcecode.swift; path = ContentView.swift; sourceTree = "<group>"; };
		15BBE2822828BA540073D201 /* Assets.xcassets */ = {isa = PBXFileReference; lastKnownFileType = folder.assetcatalog; path = Assets.xcassets; sourceTree = "<group>"; };
		15BBE2852828BA540073D201 /* Preview Assets.xcassets */ = {isa = PBXFileReference; lastKnownFileType = folder.assetcatalog; path = "Preview Assets.xcassets"; sourceTree = "<group>"; };
		15BBE28B2828BA550073D201 /* FratpackTests.xctest */ = {isa = PBXFileReference; explicitFileType = wrapper.cfbundle; includeInIndex = 0; path = FratpackTests.xctest; sourceTree = BUILT_PRODUCTS_DIR; };
		15BBE28F2828BA550073D201 /* FratpackTests.swift */ = {isa = PBXFileReference; lastKnownFileType = sourcecode.swift; path = FratpackTests.swift; sourceTree = "<group>"; };
		15BBE2952828BA550073D201 /* FratpackUITests.xctest */ = {isa = PBXFileReference; explicitFileType = wrapper.cfbundle; includeInIndex = 0; path = FratpackUITests.xctest; sourceTree = BUILT_PRODUCTS_DIR; };
		15BBE2992828BA550073D201 /* FratpackUITests.swift */ = {isa = PBXFileReference; lastKnownFileType = sourcecode.swift; path = FratpackUITests.swift; sourceTree = "<group>"; };
		15BBE29B2828BA550073D201 /* FratpackUITestsLaunchTests.swift */ = {isa = PBXFileReference; lastKnownFileType = sourcecode.swift; path = FratpackUITestsLaunchTests.swift; sourceTree = "<group>"; };
		15E231492828BD9C00ECA58D /* Info.plist */ = {isa = PBXFileReference; lastKnownFileType = text.plist; path = Info.plist; sourceTree = "<group>"; };
		15E2314A2828BE4600ECA58D /* Launch Screen.storyboard */ = {isa = PBXFileReference; lastKnownFileType = file.storyboard; path = "Launch Screen.storyboard"; sourceTree = "<group>"; };
		15E2314C2828C5F600ECA58D /* LoginView.swift */ = {isa = PBXFileReference; lastKnownFileType = sourcecode.swift; path = LoginView.swift; sourceTree = "<group>"; };
		15E2314E2828C60200ECA58D /* CreateAccountView.swift */ = {isa = PBXFileReference; lastKnownFileType = sourcecode.swift; path = CreateAccountView.swift; sourceTree = "<group>"; };
		312C68055C0A3C829918D138 /* Pods-Fratpack.debug.xcconfig */ = {isa = PBXFileReference; includeInIndex = 1; lastKnownFileType = text.xcconfig; name = "Pods-Fratpack.debug.xcconfig"; path = "Target Support Files/Pods-Fratpack/Pods-Fratpack.debug.xcconfig"; sourceTree = "<group>"; };
		3AD4E7E7B068008A8ACE2FC0 /* Pods_Fratpack_FratpackUITests.framework */ = {isa = PBXFileReference; explicitFileType = wrapper.framework; includeInIndex = 0; path = Pods_Fratpack_FratpackUITests.framework; sourceTree = BUILT_PRODUCTS_DIR; };
		51C4BCFEA1DED0DDE785D30B /* Pods-Fratpack-FratpackUITests.release.xcconfig */ = {isa = PBXFileReference; includeInIndex = 1; lastKnownFileType = text.xcconfig; name = "Pods-Fratpack-FratpackUITests.release.xcconfig"; path = "Target Support Files/Pods-Fratpack-FratpackUITests/Pods-Fratpack-FratpackUITests.release.xcconfig"; sourceTree = "<group>"; };
		745D1DA4DB413F30621DB49B /* Pods-FratpackTests.debug.xcconfig */ = {isa = PBXFileReference; includeInIndex = 1; lastKnownFileType = text.xcconfig; name = "Pods-FratpackTests.debug.xcconfig"; path = "Target Support Files/Pods-FratpackTests/Pods-FratpackTests.debug.xcconfig"; sourceTree = "<group>"; };
		ACD7E3C90B9FDD29FD2063BF /* Pods_FratpackTests.framework */ = {isa = PBXFileReference; explicitFileType = wrapper.framework; includeInIndex = 0; path = Pods_FratpackTests.framework; sourceTree = BUILT_PRODUCTS_DIR; };
		AFEABAF1C01C75C92C7CB33F /* Pods-Fratpack.release.xcconfig */ = {isa = PBXFileReference; includeInIndex = 1; lastKnownFileType = text.xcconfig; name = "Pods-Fratpack.release.xcconfig"; path = "Target Support Files/Pods-Fratpack/Pods-Fratpack.release.xcconfig"; sourceTree = "<group>"; };
		BE0DD8EBE1995287ACB1B020 /* Pods-FratpackTests.release.xcconfig */ = {isa = PBXFileReference; includeInIndex = 1; lastKnownFileType = text.xcconfig; name = "Pods-FratpackTests.release.xcconfig"; path = "Target Support Files/Pods-FratpackTests/Pods-FratpackTests.release.xcconfig"; sourceTree = "<group>"; };
		EDDD7FA15A689C57EA666BBC /* Pods_Fratpack.framework */ = {isa = PBXFileReference; explicitFileType = wrapper.framework; includeInIndex = 0; path = Pods_Fratpack.framework; sourceTree = BUILT_PRODUCTS_DIR; };
/* End PBXFileReference section */

/* Begin PBXFrameworksBuildPhase section */
		15BBE2782828BA520073D201 /* Frameworks */ = {
			isa = PBXFrameworksBuildPhase;
			buildActionMask = 2147483647;
			files = (
				6E62CB78ABF1FDB387B6C02F /* Pods_Fratpack.framework in Frameworks */,
			);
			runOnlyForDeploymentPostprocessing = 0;
		};
		15BBE2882828BA550073D201 /* Frameworks */ = {
			isa = PBXFrameworksBuildPhase;
			buildActionMask = 2147483647;
			files = (
				CA387BD81D409B93E2DE8CCB /* Pods_FratpackTests.framework in Frameworks */,
			);
			runOnlyForDeploymentPostprocessing = 0;
		};
		15BBE2922828BA550073D201 /* Frameworks */ = {
			isa = PBXFrameworksBuildPhase;
			buildActionMask = 2147483647;
			files = (
				0C1B58D771D5E7497106316A /* Pods_Fratpack_FratpackUITests.framework in Frameworks */,
			);
			runOnlyForDeploymentPostprocessing = 0;
		};
/* End PBXFrameworksBuildPhase section */

/* Begin PBXGroup section */
		15BBE2722828BA520073D201 = {
			isa = PBXGroup;
			children = (
				15E2314A2828BE4600ECA58D /* Launch Screen.storyboard */,
				15BBE27D2828BA520073D201 /* Fratpack */,
				15BBE28E2828BA550073D201 /* FratpackTests */,
				15BBE2982828BA550073D201 /* FratpackUITests */,
				15BBE27C2828BA520073D201 /* Products */,
				28FCDC1D5DB92C14C01FFFA4 /* Pods */,
				1CE4F1B9C7D3790A84544CD4 /* Frameworks */,
			);
			sourceTree = "<group>";
		};
		15BBE27C2828BA520073D201 /* Products */ = {
			isa = PBXGroup;
			children = (
				15BBE27B2828BA520073D201 /* Fratpack.app */,
				15BBE28B2828BA550073D201 /* FratpackTests.xctest */,
				15BBE2952828BA550073D201 /* FratpackUITests.xctest */,
			);
			name = Products;
			sourceTree = "<group>";
		};
		15BBE27D2828BA520073D201 /* Fratpack */ = {
			isa = PBXGroup;
			children = (
				15E231492828BD9C00ECA58D /* Info.plist */,
				15BBE27E2828BA520073D201 /* FratpackApp.swift */,
				15BBE2802828BA520073D201 /* ContentView.swift */,
				15E2314C2828C5F600ECA58D /* LoginView.swift */,
				15E2314E2828C60200ECA58D /* CreateAccountView.swift */,
				15BBE2822828BA540073D201 /* Assets.xcassets */,
				15BBE2842828BA540073D201 /* Preview Content */,
			);
			path = Fratpack;
			sourceTree = "<group>";
		};
		15BBE2842828BA540073D201 /* Preview Content */ = {
			isa = PBXGroup;
			children = (
				15BBE2852828BA540073D201 /* Preview Assets.xcassets */,
			);
			path = "Preview Content";
			sourceTree = "<group>";
		};
		15BBE28E2828BA550073D201 /* FratpackTests */ = {
			isa = PBXGroup;
			children = (
				15BBE28F2828BA550073D201 /* FratpackTests.swift */,
			);
			path = FratpackTests;
			sourceTree = "<group>";
		};
		15BBE2982828BA550073D201 /* FratpackUITests */ = {
			isa = PBXGroup;
			children = (
				15BBE2992828BA550073D201 /* FratpackUITests.swift */,
				15BBE29B2828BA550073D201 /* FratpackUITestsLaunchTests.swift */,
			);
			path = FratpackUITests;
			sourceTree = "<group>";
		};
		1CE4F1B9C7D3790A84544CD4 /* Frameworks */ = {
			isa = PBXGroup;
			children = (
				EDDD7FA15A689C57EA666BBC /* Pods_Fratpack.framework */,
				3AD4E7E7B068008A8ACE2FC0 /* Pods_Fratpack_FratpackUITests.framework */,
				ACD7E3C90B9FDD29FD2063BF /* Pods_FratpackTests.framework */,
			);
			name = Frameworks;
			sourceTree = "<group>";
		};
		28FCDC1D5DB92C14C01FFFA4 /* Pods */ = {
			isa = PBXGroup;
			children = (
				312C68055C0A3C829918D138 /* Pods-Fratpack.debug.xcconfig */,
				AFEABAF1C01C75C92C7CB33F /* Pods-Fratpack.release.xcconfig */,
				064FE4098A569F70EDC91433 /* Pods-Fratpack-FratpackUITests.debug.xcconfig */,
				51C4BCFEA1DED0DDE785D30B /* Pods-Fratpack-FratpackUITests.release.xcconfig */,
				745D1DA4DB413F30621DB49B /* Pods-FratpackTests.debug.xcconfig */,
				BE0DD8EBE1995287ACB1B020 /* Pods-FratpackTests.release.xcconfig */,
			);
			path = Pods;
			sourceTree = "<group>";
		};
/* End PBXGroup section */

/* Begin PBXNativeTarget section */
		15BBE27A2828BA520073D201 /* Fratpack */ = {
			isa = PBXNativeTarget;
			buildConfigurationList = 15BBE29F2828BA550073D201 /* Build configuration list for PBXNativeTarget "Fratpack" */;
			buildPhases = (
				1BC744619ED8D4B3F72C5814 /* [CP] Check Pods Manifest.lock */,
				15BBE2772828BA520073D201 /* Sources */,
				15BBE2782828BA520073D201 /* Frameworks */,
				15BBE2792828BA520073D201 /* Resources */,
				088A0D0B4D2B094C8479C3AC /* [CP] Embed Pods Frameworks */,
			);
			buildRules = (
			);
			dependencies = (
			);
			name = Fratpack;
			productName = Fratpack;
			productReference = 15BBE27B2828BA520073D201 /* Fratpack.app */;
			productType = "com.apple.product-type.application";
		};
		15BBE28A2828BA550073D201 /* FratpackTests */ = {
			isa = PBXNativeTarget;
			buildConfigurationList = 15BBE2A22828BA550073D201 /* Build configuration list for PBXNativeTarget "FratpackTests" */;
			buildPhases = (
				27465486C1B2C09CEECC144D /* [CP] Check Pods Manifest.lock */,
				15BBE2872828BA550073D201 /* Sources */,
				15BBE2882828BA550073D201 /* Frameworks */,
				15BBE2892828BA550073D201 /* Resources */,
			);
			buildRules = (
			);
			dependencies = (
				15BBE28D2828BA550073D201 /* PBXTargetDependency */,
			);
			name = FratpackTests;
			productName = FratpackTests;
			productReference = 15BBE28B2828BA550073D201 /* FratpackTests.xctest */;
			productType = "com.apple.product-type.bundle.unit-test";
		};
		15BBE2942828BA550073D201 /* FratpackUITests */ = {
			isa = PBXNativeTarget;
			buildConfigurationList = 15BBE2A52828BA550073D201 /* Build configuration list for PBXNativeTarget "FratpackUITests" */;
			buildPhases = (
				2664879A7EB2E7664DDFAD8C /* [CP] Check Pods Manifest.lock */,
				15BBE2912828BA550073D201 /* Sources */,
				15BBE2922828BA550073D201 /* Frameworks */,
				15BBE2932828BA550073D201 /* Resources */,
				7FB2DDD6E46D4A09966EBB76 /* [CP] Embed Pods Frameworks */,
			);
			buildRules = (
			);
			dependencies = (
				15BBE2972828BA550073D201 /* PBXTargetDependency */,
			);
			name = FratpackUITests;
			productName = FratpackUITests;
			productReference = 15BBE2952828BA550073D201 /* FratpackUITests.xctest */;
			productType = "com.apple.product-type.bundle.ui-testing";
		};
/* End PBXNativeTarget section */

/* Begin PBXProject section */
		15BBE2732828BA520073D201 /* Project object */ = {
			isa = PBXProject;
			attributes = {
				BuildIndependentTargetsInParallel = 1;
				LastSwiftUpdateCheck = 1320;
				LastUpgradeCheck = 1320;
				TargetAttributes = {
					15BBE27A2828BA520073D201 = {
						CreatedOnToolsVersion = 13.2.1;
					};
					15BBE28A2828BA550073D201 = {
						CreatedOnToolsVersion = 13.2.1;
						TestTargetID = 15BBE27A2828BA520073D201;
					};
					15BBE2942828BA550073D201 = {
						CreatedOnToolsVersion = 13.2.1;
						TestTargetID = 15BBE27A2828BA520073D201;
					};
				};
			};
			buildConfigurationList = 15BBE2762828BA520073D201 /* Build configuration list for PBXProject "Fratpack" */;
			compatibilityVersion = "Xcode 13.0";
			developmentRegion = en;
			hasScannedForEncodings = 0;
			knownRegions = (
				en,
				Base,
			);
			mainGroup = 15BBE2722828BA520073D201;
			productRefGroup = 15BBE27C2828BA520073D201 /* Products */;
			projectDirPath = "";
			projectRoot = "";
			targets = (
				15BBE27A2828BA520073D201 /* Fratpack */,
				15BBE28A2828BA550073D201 /* FratpackTests */,
				15BBE2942828BA550073D201 /* FratpackUITests */,
			);
		};
/* End PBXProject section */

/* Begin PBXResourcesBuildPhase section */
		15BBE2792828BA520073D201 /* Resources */ = {
			isa = PBXResourcesBuildPhase;
			buildActionMask = 2147483647;
			files = (
				15E2314B2828BE4600ECA58D /* Launch Screen.storyboard in Resources */,
				15BBE2862828BA540073D201 /* Preview Assets.xcassets in Resources */,
				15BBE2832828BA540073D201 /* Assets.xcassets in Resources */,
			);
			runOnlyForDeploymentPostprocessing = 0;
		};
		15BBE2892828BA550073D201 /* Resources */ = {
			isa = PBXResourcesBuildPhase;
			buildActionMask = 2147483647;
			files = (
			);
			runOnlyForDeploymentPostprocessing = 0;
		};
		15BBE2932828BA550073D201 /* Resources */ = {
			isa = PBXResourcesBuildPhase;
			buildActionMask = 2147483647;
			files = (
			);
			runOnlyForDeploymentPostprocessing = 0;
		};
/* End PBXResourcesBuildPhase section */

/* Begin PBXShellScriptBuildPhase section */
		088A0D0B4D2B094C8479C3AC /* [CP] Embed Pods Frameworks */ = {
			isa = PBXShellScriptBuildPhase;
			buildActionMask = 2147483647;
			files = (
			);
			inputFileListPaths = (
				"${PODS_ROOT}/Target Support Files/Pods-Fratpack/Pods-Fratpack-frameworks-${CONFIGURATION}-input-files.xcfilelist",
			);
			name = "[CP] Embed Pods Frameworks";
			outputFileListPaths = (
				"${PODS_ROOT}/Target Support Files/Pods-Fratpack/Pods-Fratpack-frameworks-${CONFIGURATION}-output-files.xcfilelist",
			);
			runOnlyForDeploymentPostprocessing = 0;
			shellPath = /bin/sh;
			shellScript = "\"${PODS_ROOT}/Target Support Files/Pods-Fratpack/Pods-Fratpack-frameworks.sh\"\n";
			showEnvVarsInLog = 0;
		};
		1BC744619ED8D4B3F72C5814 /* [CP] Check Pods Manifest.lock */ = {
			isa = PBXShellScriptBuildPhase;
			buildActionMask = 2147483647;
			files = (
			);
			inputFileListPaths = (
			);
			inputPaths = (
				"${PODS_PODFILE_DIR_PATH}/Podfile.lock",
				"${PODS_ROOT}/Manifest.lock",
			);
			name = "[CP] Check Pods Manifest.lock";
			outputFileListPaths = (
			);
			outputPaths = (
				"$(DERIVED_FILE_DIR)/Pods-Fratpack-checkManifestLockResult.txt",
			);
			runOnlyForDeploymentPostprocessing = 0;
			shellPath = /bin/sh;
			shellScript = "diff \"${PODS_PODFILE_DIR_PATH}/Podfile.lock\" \"${PODS_ROOT}/Manifest.lock\" > /dev/null\nif [ $? != 0 ] ; then\n    # print error to STDERR\n    echo \"error: The sandbox is not in sync with the Podfile.lock. Run 'pod install' or update your CocoaPods installation.\" >&2\n    exit 1\nfi\n# This output is used by Xcode 'outputs' to avoid re-running this script phase.\necho \"SUCCESS\" > \"${SCRIPT_OUTPUT_FILE_0}\"\n";
			showEnvVarsInLog = 0;
		};
		2664879A7EB2E7664DDFAD8C /* [CP] Check Pods Manifest.lock */ = {
			isa = PBXShellScriptBuildPhase;
			buildActionMask = 2147483647;
			files = (
			);
			inputFileListPaths = (
			);
			inputPaths = (
				"${PODS_PODFILE_DIR_PATH}/Podfile.lock",
				"${PODS_ROOT}/Manifest.lock",
			);
			name = "[CP] Check Pods Manifest.lock";
			outputFileListPaths = (
			);
			outputPaths = (
				"$(DERIVED_FILE_DIR)/Pods-Fratpack-FratpackUITests-checkManifestLockResult.txt",
			);
			runOnlyForDeploymentPostprocessing = 0;
			shellPath = /bin/sh;
			shellScript = "diff \"${PODS_PODFILE_DIR_PATH}/Podfile.lock\" \"${PODS_ROOT}/Manifest.lock\" > /dev/null\nif [ $? != 0 ] ; then\n    # print error to STDERR\n    echo \"error: The sandbox is not in sync with the Podfile.lock. Run 'pod install' or update your CocoaPods installation.\" >&2\n    exit 1\nfi\n# This output is used by Xcode 'outputs' to avoid re-running this script phase.\necho \"SUCCESS\" > \"${SCRIPT_OUTPUT_FILE_0}\"\n";
			showEnvVarsInLog = 0;
		};
		27465486C1B2C09CEECC144D /* [CP] Check Pods Manifest.lock */ = {
			isa = PBXShellScriptBuildPhase;
			buildActionMask = 2147483647;
			files = (
			);
			inputFileListPaths = (
			);
			inputPaths = (
				"${PODS_PODFILE_DIR_PATH}/Podfile.lock",
				"${PODS_ROOT}/Manifest.lock",
			);
			name = "[CP] Check Pods Manifest.lock";
			outputFileListPaths = (
			);
			outputPaths = (
				"$(DERIVED_FILE_DIR)/Pods-FratpackTests-checkManifestLockResult.txt",
			);
			runOnlyForDeploymentPostprocessing = 0;
			shellPath = /bin/sh;
			shellScript = "diff \"${PODS_PODFILE_DIR_PATH}/Podfile.lock\" \"${PODS_ROOT}/Manifest.lock\" > /dev/null\nif [ $? != 0 ] ; then\n    # print error to STDERR\n    echo \"error: The sandbox is not in sync with the Podfile.lock. Run 'pod install' or update your CocoaPods installation.\" >&2\n    exit 1\nfi\n# This output is used by Xcode 'outputs' to avoid re-running this script phase.\necho \"SUCCESS\" > \"${SCRIPT_OUTPUT_FILE_0}\"\n";
			showEnvVarsInLog = 0;
		};
		7FB2DDD6E46D4A09966EBB76 /* [CP] Embed Pods Frameworks */ = {
			isa = PBXShellScriptBuildPhase;
			buildActionMask = 2147483647;
			files = (
			);
			inputFileListPaths = (
				"${PODS_ROOT}/Target Support Files/Pods-Fratpack-FratpackUITests/Pods-Fratpack-FratpackUITests-frameworks-${CONFIGURATION}-input-files.xcfilelist",
			);
			name = "[CP] Embed Pods Frameworks";
			outputFileListPaths = (
				"${PODS_ROOT}/Target Support Files/Pods-Fratpack-FratpackUITests/Pods-Fratpack-FratpackUITests-frameworks-${CONFIGURATION}-output-files.xcfilelist",
			);
			runOnlyForDeploymentPostprocessing = 0;
			shellPath = /bin/sh;
			shellScript = "\"${PODS_ROOT}/Target Support Files/Pods-Fratpack-FratpackUITests/Pods-Fratpack-FratpackUITests-frameworks.sh\"\n";
			showEnvVarsInLog = 0;
		};
/* End PBXShellScriptBuildPhase section */

/* Begin PBXSourcesBuildPhase section */
		15BBE2772828BA520073D201 /* Sources */ = {
			isa = PBXSourcesBuildPhase;
			buildActionMask = 2147483647;
			files = (
				15E2314D2828C5F600ECA58D /* LoginView.swift in Sources */,
				15BBE2812828BA520073D201 /* ContentView.swift in Sources */,
				15E2314F2828C60200ECA58D /* CreateAccountView.swift in Sources */,
				15BBE27F2828BA520073D201 /* FratpackApp.swift in Sources */,
			);
			runOnlyForDeploymentPostprocessing = 0;
		};
		15BBE2872828BA550073D201 /* Sources */ = {
			isa = PBXSourcesBuildPhase;
			buildActionMask = 2147483647;
			files = (
				15BBE2902828BA550073D201 /* FratpackTests.swift in Sources */,
			);
			runOnlyForDeploymentPostprocessing = 0;
		};
		15BBE2912828BA550073D201 /* Sources */ = {
			isa = PBXSourcesBuildPhase;
			buildActionMask = 2147483647;
			files = (
				15BBE29C2828BA550073D201 /* FratpackUITestsLaunchTests.swift in Sources */,
				15BBE29A2828BA550073D201 /* FratpackUITests.swift in Sources */,
			);
			runOnlyForDeploymentPostprocessing = 0;
		};
/* End PBXSourcesBuildPhase section */

/* Begin PBXTargetDependency section */
		15BBE28D2828BA550073D201 /* PBXTargetDependency */ = {
			isa = PBXTargetDependency;
			target = 15BBE27A2828BA520073D201 /* Fratpack */;
			targetProxy = 15BBE28C2828BA550073D201 /* PBXContainerItemProxy */;
		};
		15BBE2972828BA550073D201 /* PBXTargetDependency */ = {
			isa = PBXTargetDependency;
			target = 15BBE27A2828BA520073D201 /* Fratpack */;
			targetProxy = 15BBE2962828BA550073D201 /* PBXContainerItemProxy */;
		};
/* End PBXTargetDependency section */

/* Begin XCBuildConfiguration section */
		15BBE29D2828BA550073D201 /* Debug */ = {
			isa = XCBuildConfiguration;
			buildSettings = {
				ALWAYS_SEARCH_USER_PATHS = NO;
				CLANG_ANALYZER_NONNULL = YES;
				CLANG_ANALYZER_NUMBER_OBJECT_CONVERSION = YES_AGGRESSIVE;
				CLANG_CXX_LANGUAGE_STANDARD = "gnu++17";
				CLANG_CXX_LIBRARY = "libc++";
				CLANG_ENABLE_MODULES = YES;
				CLANG_ENABLE_OBJC_ARC = YES;
				CLANG_ENABLE_OBJC_WEAK = YES;
				CLANG_WARN_BLOCK_CAPTURE_AUTORELEASING = YES;
				CLANG_WARN_BOOL_CONVERSION = YES;
				CLANG_WARN_COMMA = YES;
				CLANG_WARN_CONSTANT_CONVERSION = YES;
				CLANG_WARN_DEPRECATED_OBJC_IMPLEMENTATIONS = YES;
				CLANG_WARN_DIRECT_OBJC_ISA_USAGE = YES_ERROR;
				CLANG_WARN_DOCUMENTATION_COMMENTS = YES;
				CLANG_WARN_EMPTY_BODY = YES;
				CLANG_WARN_ENUM_CONVERSION = YES;
				CLANG_WARN_INFINITE_RECURSION = YES;
				CLANG_WARN_INT_CONVERSION = YES;
				CLANG_WARN_NON_LITERAL_NULL_CONVERSION = YES;
				CLANG_WARN_OBJC_IMPLICIT_RETAIN_SELF = YES;
				CLANG_WARN_OBJC_LITERAL_CONVERSION = YES;
				CLANG_WARN_OBJC_ROOT_CLASS = YES_ERROR;
				CLANG_WARN_QUOTED_INCLUDE_IN_FRAMEWORK_HEADER = YES;
				CLANG_WARN_RANGE_LOOP_ANALYSIS = YES;
				CLANG_WARN_STRICT_PROTOTYPES = YES;
				CLANG_WARN_SUSPICIOUS_MOVE = YES;
				CLANG_WARN_UNGUARDED_AVAILABILITY = YES_AGGRESSIVE;
				CLANG_WARN_UNREACHABLE_CODE = YES;
				CLANG_WARN__DUPLICATE_METHOD_MATCH = YES;
				COPY_PHASE_STRIP = NO;
				DEBUG_INFORMATION_FORMAT = dwarf;
				ENABLE_STRICT_OBJC_MSGSEND = YES;
				ENABLE_TESTABILITY = YES;
				GCC_C_LANGUAGE_STANDARD = gnu11;
				GCC_DYNAMIC_NO_PIC = NO;
				GCC_NO_COMMON_BLOCKS = YES;
				GCC_OPTIMIZATION_LEVEL = 0;
				GCC_PREPROCESSOR_DEFINITIONS = (
					"DEBUG=1",
					"$(inherited)",
				);
				GCC_WARN_64_TO_32_BIT_CONVERSION = YES;
				GCC_WARN_ABOUT_RETURN_TYPE = YES_ERROR;
				GCC_WARN_UNDECLARED_SELECTOR = YES;
				GCC_WARN_UNINITIALIZED_AUTOS = YES_AGGRESSIVE;
				GCC_WARN_UNUSED_FUNCTION = YES;
				GCC_WARN_UNUSED_VARIABLE = YES;
				IPHONEOS_DEPLOYMENT_TARGET = 15.2;
				MTL_ENABLE_DEBUG_INFO = INCLUDE_SOURCE;
				MTL_FAST_MATH = YES;
				ONLY_ACTIVE_ARCH = YES;
				SDKROOT = iphoneos;
				SWIFT_ACTIVE_COMPILATION_CONDITIONS = DEBUG;
				SWIFT_OPTIMIZATION_LEVEL = "-Onone";
			};
			name = Debug;
		};
		15BBE29E2828BA550073D201 /* Release */ = {
			isa = XCBuildConfiguration;
			buildSettings = {
				ALWAYS_SEARCH_USER_PATHS = NO;
				CLANG_ANALYZER_NONNULL = YES;
				CLANG_ANALYZER_NUMBER_OBJECT_CONVERSION = YES_AGGRESSIVE;
				CLANG_CXX_LANGUAGE_STANDARD = "gnu++17";
				CLANG_CXX_LIBRARY = "libc++";
				CLANG_ENABLE_MODULES = YES;
				CLANG_ENABLE_OBJC_ARC = YES;
				CLANG_ENABLE_OBJC_WEAK = YES;
				CLANG_WARN_BLOCK_CAPTURE_AUTORELEASING = YES;
				CLANG_WARN_BOOL_CONVERSION = YES;
				CLANG_WARN_COMMA = YES;
				CLANG_WARN_CONSTANT_CONVERSION = YES;
				CLANG_WARN_DEPRECATED_OBJC_IMPLEMENTATIONS = YES;
				CLANG_WARN_DIRECT_OBJC_ISA_USAGE = YES_ERROR;
				CLANG_WARN_DOCUMENTATION_COMMENTS = YES;
				CLANG_WARN_EMPTY_BODY = YES;
				CLANG_WARN_ENUM_CONVERSION = YES;
				CLANG_WARN_INFINITE_RECURSION = YES;
				CLANG_WARN_INT_CONVERSION = YES;
				CLANG_WARN_NON_LITERAL_NULL_CONVERSION = YES;
				CLANG_WARN_OBJC_IMPLICIT_RETAIN_SELF = YES;
				CLANG_WARN_OBJC_LITERAL_CONVERSION = YES;
				CLANG_WARN_OBJC_ROOT_CLASS = YES_ERROR;
				CLANG_WARN_QUOTED_INCLUDE_IN_FRAMEWORK_HEADER = YES;
				CLANG_WARN_RANGE_LOOP_ANALYSIS = YES;
				CLANG_WARN_STRICT_PROTOTYPES = YES;
				CLANG_WARN_SUSPICIOUS_MOVE = YES;
				CLANG_WARN_UNGUARDED_AVAILABILITY = YES_AGGRESSIVE;
				CLANG_WARN_UNREACHABLE_CODE = YES;
				CLANG_WARN__DUPLICATE_METHOD_MATCH = YES;
				COPY_PHASE_STRIP = NO;
				DEBUG_INFORMATION_FORMAT = "dwarf-with-dsym";
				ENABLE_NS_ASSERTIONS = NO;
				ENABLE_STRICT_OBJC_MSGSEND = YES;
				GCC_C_LANGUAGE_STANDARD = gnu11;
				GCC_NO_COMMON_BLOCKS = YES;
				GCC_WARN_64_TO_32_BIT_CONVERSION = YES;
				GCC_WARN_ABOUT_RETURN_TYPE = YES_ERROR;
				GCC_WARN_UNDECLARED_SELECTOR = YES;
				GCC_WARN_UNINITIALIZED_AUTOS = YES_AGGRESSIVE;
				GCC_WARN_UNUSED_FUNCTION = YES;
				GCC_WARN_UNUSED_VARIABLE = YES;
				IPHONEOS_DEPLOYMENT_TARGET = 15.2;
				MTL_ENABLE_DEBUG_INFO = NO;
				MTL_FAST_MATH = YES;
				SDKROOT = iphoneos;
				SWIFT_COMPILATION_MODE = wholemodule;
				SWIFT_OPTIMIZATION_LEVEL = "-O";
				VALIDATE_PRODUCT = YES;
			};
			name = Release;
		};
		15BBE2A02828BA550073D201 /* Debug */ = {
			isa = XCBuildConfiguration;
			baseConfigurationReference = 312C68055C0A3C829918D138 /* Pods-Fratpack.debug.xcconfig */;
			buildSettings = {
				ASSETCATALOG_COMPILER_APPICON_NAME = AppIcon;
				ASSETCATALOG_COMPILER_GLOBAL_ACCENT_COLOR_NAME = AccentColor;
				CODE_SIGN_STYLE = Automatic;
				CURRENT_PROJECT_VERSION = 1;
				DEVELOPMENT_ASSET_PATHS = "\"Fratpack/Preview Content\"";
				DEVELOPMENT_TEAM = F748U6T7V8;
				ENABLE_PREVIEWS = YES;
				GENERATE_INFOPLIST_FILE = YES;
				INFOPLIST_FILE = Fratpack/Info.plist;
				INFOPLIST_KEY_UIApplicationSceneManifest_Generation = YES;
				INFOPLIST_KEY_UIApplicationSupportsIndirectInputEvents = YES;
				INFOPLIST_KEY_UISupportedInterfaceOrientations_iPad = "UIInterfaceOrientationPortrait UIInterfaceOrientationPortraitUpsideDown UIInterfaceOrientationLandscapeLeft UIInterfaceOrientationLandscapeRight";
				INFOPLIST_KEY_UISupportedInterfaceOrientations_iPhone = "UIInterfaceOrientationPortrait UIInterfaceOrientationLandscapeLeft UIInterfaceOrientationLandscapeRight";
				LD_RUNPATH_SEARCH_PATHS = (
					"$(inherited)",
					"@executable_path/Frameworks",
				);
				MARKETING_VERSION = 1.0;
				PRODUCT_BUNDLE_IDENTIFIER = com.JasonBodzy.Fratpack;
				PRODUCT_NAME = "$(TARGET_NAME)";
				SWIFT_EMIT_LOC_STRINGS = YES;
				SWIFT_VERSION = 5.0;
				TARGETED_DEVICE_FAMILY = "1,2";
			};
			name = Debug;
		};
		15BBE2A12828BA550073D201 /* Release */ = {
			isa = XCBuildConfiguration;
			baseConfigurationReference = AFEABAF1C01C75C92C7CB33F /* Pods-Fratpack.release.xcconfig */;
			buildSettings = {
				ASSETCATALOG_COMPILER_APPICON_NAME = AppIcon;
				ASSETCATALOG_COMPILER_GLOBAL_ACCENT_COLOR_NAME = AccentColor;
				CODE_SIGN_STYLE = Automatic;
				CURRENT_PROJECT_VERSION = 1;
				DEVELOPMENT_ASSET_PATHS = "\"Fratpack/Preview Content\"";
				DEVELOPMENT_TEAM = F748U6T7V8;
				ENABLE_PREVIEWS = YES;
				GENERATE_INFOPLIST_FILE = YES;
				INFOPLIST_FILE = Fratpack/Info.plist;
				INFOPLIST_KEY_UIApplicationSceneManifest_Generation = YES;
				INFOPLIST_KEY_UIApplicationSupportsIndirectInputEvents = YES;
				INFOPLIST_KEY_UISupportedInterfaceOrientations_iPad = "UIInterfaceOrientationPortrait UIInterfaceOrientationPortraitUpsideDown UIInterfaceOrientationLandscapeLeft UIInterfaceOrientationLandscapeRight";
				INFOPLIST_KEY_UISupportedInterfaceOrientations_iPhone = "UIInterfaceOrientationPortrait UIInterfaceOrientationLandscapeLeft UIInterfaceOrientationLandscapeRight";
				LD_RUNPATH_SEARCH_PATHS = (
					"$(inherited)",
					"@executable_path/Frameworks",
				);
				MARKETING_VERSION = 1.0;
				PRODUCT_BUNDLE_IDENTIFIER = com.JasonBodzy.Fratpack;
				PRODUCT_NAME = "$(TARGET_NAME)";
				SWIFT_EMIT_LOC_STRINGS = YES;
				SWIFT_VERSION = 5.0;
				TARGETED_DEVICE_FAMILY = "1,2";
			};
			name = Release;
		};
		15BBE2A32828BA550073D201 /* Debug */ = {
			isa = XCBuildConfiguration;
			baseConfigurationReference = 745D1DA4DB413F30621DB49B /* Pods-FratpackTests.debug.xcconfig */;
			buildSettings = {
				ALWAYS_EMBED_SWIFT_STANDARD_LIBRARIES = YES;
				BUNDLE_LOADER = "$(TEST_HOST)";
				CODE_SIGN_STYLE = Automatic;
				CURRENT_PROJECT_VERSION = 1;
				DEVELOPMENT_TEAM = F748U6T7V8;
				GENERATE_INFOPLIST_FILE = YES;
				IPHONEOS_DEPLOYMENT_TARGET = 15.2;
				MARKETING_VERSION = 1.0;
				PRODUCT_BUNDLE_IDENTIFIER = com.JasonBodzy.FratpackTests;
				PRODUCT_NAME = "$(TARGET_NAME)";
				SWIFT_EMIT_LOC_STRINGS = NO;
				SWIFT_VERSION = 5.0;
				TARGETED_DEVICE_FAMILY = "1,2";
				TEST_HOST = "$(BUILT_PRODUCTS_DIR)/Fratpack.app/Fratpack";
			};
			name = Debug;
		};
		15BBE2A42828BA550073D201 /* Release */ = {
			isa = XCBuildConfiguration;
			baseConfigurationReference = BE0DD8EBE1995287ACB1B020 /* Pods-FratpackTests.release.xcconfig */;
			buildSettings = {
				ALWAYS_EMBED_SWIFT_STANDARD_LIBRARIES = YES;
				BUNDLE_LOADER = "$(TEST_HOST)";
				CODE_SIGN_STYLE = Automatic;
				CURRENT_PROJECT_VERSION = 1;
				DEVELOPMENT_TEAM = F748U6T7V8;
				GENERATE_INFOPLIST_FILE = YES;
				IPHONEOS_DEPLOYMENT_TARGET = 15.2;
				MARKETING_VERSION = 1.0;
				PRODUCT_BUNDLE_IDENTIFIER = com.JasonBodzy.FratpackTests;
				PRODUCT_NAME = "$(TARGET_NAME)";
				SWIFT_EMIT_LOC_STRINGS = NO;
				SWIFT_VERSION = 5.0;
				TARGETED_DEVICE_FAMILY = "1,2";
				TEST_HOST = "$(BUILT_PRODUCTS_DIR)/Fratpack.app/Fratpack";
			};
			name = Release;
		};
		15BBE2A62828BA550073D201 /* Debug */ = {
			isa = XCBuildConfiguration;
			baseConfigurationReference = 064FE4098A569F70EDC91433 /* Pods-Fratpack-FratpackUITests.debug.xcconfig */;
			buildSettings = {
				ALWAYS_EMBED_SWIFT_STANDARD_LIBRARIES = YES;
				CODE_SIGN_STYLE = Automatic;
				CURRENT_PROJECT_VERSION = 1;
				DEVELOPMENT_TEAM = F748U6T7V8;
				GENERATE_INFOPLIST_FILE = YES;
				MARKETING_VERSION = 1.0;
				PRODUCT_BUNDLE_IDENTIFIER = com.JasonBodzy.FratpackUITests;
				PRODUCT_NAME = "$(TARGET_NAME)";
				SWIFT_EMIT_LOC_STRINGS = NO;
				SWIFT_VERSION = 5.0;
				TARGETED_DEVICE_FAMILY = "1,2";
				TEST_TARGET_NAME = Fratpack;
			};
			name = Debug;
		};
		15BBE2A72828BA550073D201 /* Release */ = {
			isa = XCBuildConfiguration;
			baseConfigurationReference = 51C4BCFEA1DED0DDE785D30B /* Pods-Fratpack-FratpackUITests.release.xcconfig */;
			buildSettings = {
				ALWAYS_EMBED_SWIFT_STANDARD_LIBRARIES = YES;
				CODE_SIGN_STYLE = Automatic;
				CURRENT_PROJECT_VERSION = 1;
				DEVELOPMENT_TEAM = F748U6T7V8;
				GENERATE_INFOPLIST_FILE = YES;
				MARKETING_VERSION = 1.0;
				PRODUCT_BUNDLE_IDENTIFIER = com.JasonBodzy.FratpackUITests;
				PRODUCT_NAME = "$(TARGET_NAME)";
				SWIFT_EMIT_LOC_STRINGS = NO;
				SWIFT_VERSION = 5.0;
				TARGETED_DEVICE_FAMILY = "1,2";
				TEST_TARGET_NAME = Fratpack;
			};
			name = Release;
		};
/* End XCBuildConfiguration section */

/* Begin XCConfigurationList section */
		15BBE2762828BA520073D201 /* Build configuration list for PBXProject "Fratpack" */ = {
			isa = XCConfigurationList;
			buildConfigurations = (
				15BBE29D2828BA550073D201 /* Debug */,
				15BBE29E2828BA550073D201 /* Release */,
			);
			defaultConfigurationIsVisible = 0;
			defaultConfigurationName = Release;
		};
		15BBE29F2828BA550073D201 /* Build configuration list for PBXNativeTarget "Fratpack" */ = {
			isa = XCConfigurationList;
			buildConfigurations = (
				15BBE2A02828BA550073D201 /* Debug */,
				15BBE2A12828BA550073D201 /* Release */,
			);
			defaultConfigurationIsVisible = 0;
			defaultConfigurationName = Release;
		};
		15BBE2A22828BA550073D201 /* Build configuration list for PBXNativeTarget "FratpackTests" */ = {
			isa = XCConfigurationList;
			buildConfigurations = (
				15BBE2A32828BA550073D201 /* Debug */,
				15BBE2A42828BA550073D201 /* Release */,
			);
			defaultConfigurationIsVisible = 0;
			defaultConfigurationName = Release;
		};
		15BBE2A52828BA550073D201 /* Build configuration list for PBXNativeTarget "FratpackUITests" */ = {
			isa = XCConfigurationList;
			buildConfigurations = (
				15BBE2A62828BA550073D201 /* Debug */,
				15BBE2A72828BA550073D201 /* Release */,
			);
			defaultConfigurationIsVisible = 0;
			defaultConfigurationName = Release;
		};
/* End XCConfigurationList section */
	};
	rootObject = 15BBE2732828BA520073D201 /* Project object */;
}
